// !$*UTF8*$!
{
	archiveVersion = 1;
	classes = {
	};
	objectVersion = 55;
	objects = {

/* Begin PBXBuildFile section */
		720C2183287744AE00C862B4 /* AppDelegate.swift in Sources */ = {isa = PBXBuildFile; fileRef = 720C2182287744AE00C862B4 /* AppDelegate.swift */; };
		720C2185287744AE00C862B4 /* SceneDelegate.swift in Sources */ = {isa = PBXBuildFile; fileRef = 720C2184287744AE00C862B4 /* SceneDelegate.swift */; };
		720C218C287744B400C862B4 /* Assets.xcassets in Resources */ = {isa = PBXBuildFile; fileRef = 720C218B287744B400C862B4 /* Assets.xcassets */; };
		720C218F287744B400C862B4 /* LaunchScreen.storyboard in Resources */ = {isa = PBXBuildFile; fileRef = 720C218D287744B400C862B4 /* LaunchScreen.storyboard */; };
		720C21982877453D00C862B4 /* SnapKit in Frameworks */ = {isa = PBXBuildFile; productRef = 720C21972877453D00C862B4 /* SnapKit */; };
		720C219B287745C400C862B4 /* BeerViewController.swift in Sources */ = {isa = PBXBuildFile; fileRef = 720C219A287745C400C862B4 /* BeerViewController.swift */; };
		720C219D287745D000C862B4 /* BeerAssembly.swift in Sources */ = {isa = PBXBuildFile; fileRef = 720C219C287745D000C862B4 /* BeerAssembly.swift */; };
		720C219F287746DF00C862B4 /* BeerProtocols.swift in Sources */ = {isa = PBXBuildFile; fileRef = 720C219E287746DF00C862B4 /* BeerProtocols.swift */; };
		720C21A1287746EC00C862B4 /* BeerInteractor.swift in Sources */ = {isa = PBXBuildFile; fileRef = 720C21A0287746EC00C862B4 /* BeerInteractor.swift */; };
		720C21A3287746FB00C862B4 /* BeerPresenter.swift in Sources */ = {isa = PBXBuildFile; fileRef = 720C21A2287746FB00C862B4 /* BeerPresenter.swift */; };
		720C21A52877470600C862B4 /* BeerRouter.swift in Sources */ = {isa = PBXBuildFile; fileRef = 720C21A42877470600C862B4 /* BeerRouter.swift */; };
		720C21A72877473700C862B4 /* BeerEntity.swift in Sources */ = {isa = PBXBuildFile; fileRef = 720C21A62877473700C862B4 /* BeerEntity.swift */; };
		720C21A92877479400C862B4 /* BeerAPIManager.swift in Sources */ = {isa = PBXBuildFile; fileRef = 720C21A82877479400C862B4 /* BeerAPIManager.swift */; };
		720C21AB2878957900C862B4 /* BeerModels.swift in Sources */ = {isa = PBXBuildFile; fileRef = 720C21AA2878957900C862B4 /* BeerModels.swift */; };
		720C21AE287897FE00C862B4 /* Kingfisher in Frameworks */ = {isa = PBXBuildFile; productRef = 720C21AD287897FE00C862B4 /* Kingfisher */; };
		720C21B02879AE6500C862B4 /* BeerCollectionViewCell.swift in Sources */ = {isa = PBXBuildFile; fileRef = 720C21AF2879AE6500C862B4 /* BeerCollectionViewCell.swift */; };
/* End PBXBuildFile section */

/* Begin PBXFileReference section */
		720C217F287744AE00C862B4 /* BeerViper.app */ = {isa = PBXFileReference; explicitFileType = wrapper.application; includeInIndex = 0; path = BeerViper.app; sourceTree = BUILT_PRODUCTS_DIR; };
		720C2182287744AE00C862B4 /* AppDelegate.swift */ = {isa = PBXFileReference; lastKnownFileType = sourcecode.swift; path = AppDelegate.swift; sourceTree = "<group>"; };
		720C2184287744AE00C862B4 /* SceneDelegate.swift */ = {isa = PBXFileReference; lastKnownFileType = sourcecode.swift; path = SceneDelegate.swift; sourceTree = "<group>"; };
		720C218B287744B400C862B4 /* Assets.xcassets */ = {isa = PBXFileReference; lastKnownFileType = folder.assetcatalog; path = Assets.xcassets; sourceTree = "<group>"; };
		720C218E287744B400C862B4 /* Base */ = {isa = PBXFileReference; lastKnownFileType = file.storyboard; name = Base; path = Base.lproj/LaunchScreen.storyboard; sourceTree = "<group>"; };
		720C2190287744B400C862B4 /* Info.plist */ = {isa = PBXFileReference; lastKnownFileType = text.plist.xml; path = Info.plist; sourceTree = "<group>"; };
		720C219A287745C400C862B4 /* BeerViewController.swift */ = {isa = PBXFileReference; lastKnownFileType = sourcecode.swift; path = BeerViewController.swift; sourceTree = "<group>"; };
		720C219C287745D000C862B4 /* BeerAssembly.swift */ = {isa = PBXFileReference; lastKnownFileType = sourcecode.swift; path = BeerAssembly.swift; sourceTree = "<group>"; };
		720C219E287746DF00C862B4 /* BeerProtocols.swift */ = {isa = PBXFileReference; lastKnownFileType = sourcecode.swift; path = BeerProtocols.swift; sourceTree = "<group>"; };
		720C21A0287746EC00C862B4 /* BeerInteractor.swift */ = {isa = PBXFileReference; lastKnownFileType = sourcecode.swift; path = BeerInteractor.swift; sourceTree = "<group>"; };
		720C21A2287746FB00C862B4 /* BeerPresenter.swift */ = {isa = PBXFileReference; lastKnownFileType = sourcecode.swift; path = BeerPresenter.swift; sourceTree = "<group>"; };
		720C21A42877470600C862B4 /* BeerRouter.swift */ = {isa = PBXFileReference; lastKnownFileType = sourcecode.swift; path = BeerRouter.swift; sourceTree = "<group>"; };
		720C21A62877473700C862B4 /* BeerEntity.swift */ = {isa = PBXFileReference; lastKnownFileType = sourcecode.swift; path = BeerEntity.swift; sourceTree = "<group>"; };
		720C21A82877479400C862B4 /* BeerAPIManager.swift */ = {isa = PBXFileReference; lastKnownFileType = sourcecode.swift; path = BeerAPIManager.swift; sourceTree = "<group>"; };
		720C21AA2878957900C862B4 /* BeerModels.swift */ = {isa = PBXFileReference; lastKnownFileType = sourcecode.swift; path = BeerModels.swift; sourceTree = "<group>"; };
		720C21AF2879AE6500C862B4 /* BeerCollectionViewCell.swift */ = {isa = PBXFileReference; lastKnownFileType = sourcecode.swift; path = BeerCollectionViewCell.swift; sourceTree = "<group>"; };
/* End PBXFileReference section */

/* Begin PBXFrameworksBuildPhase section */
		720C217C287744AE00C862B4 /* Frameworks */ = {
			isa = PBXFrameworksBuildPhase;
			buildActionMask = 2147483647;
			files = (
				720C21AE287897FE00C862B4 /* Kingfisher in Frameworks */,
				720C21982877453D00C862B4 /* SnapKit in Frameworks */,
			);
			runOnlyForDeploymentPostprocessing = 0;
		};
/* End PBXFrameworksBuildPhase section */

/* Begin PBXGroup section */
		720C2176287744AE00C862B4 = {
			isa = PBXGroup;
			children = (
				720C2181287744AE00C862B4 /* BeerViper */,
				720C2180287744AE00C862B4 /* Products */,
			);
			sourceTree = "<group>";
		};
		720C2180287744AE00C862B4 /* Products */ = {
			isa = PBXGroup;
			children = (
				720C217F287744AE00C862B4 /* BeerViper.app */,
			);
			name = Products;
			sourceTree = "<group>";
		};
		720C2181287744AE00C862B4 /* BeerViper */ = {
			isa = PBXGroup;
			children = (
				720C2199287745A600C862B4 /* BeerScene */,
				720C2182287744AE00C862B4 /* AppDelegate.swift */,
				720C2184287744AE00C862B4 /* SceneDelegate.swift */,
				720C218B287744B400C862B4 /* Assets.xcassets */,
				720C218D287744B400C862B4 /* LaunchScreen.storyboard */,
				720C2190287744B400C862B4 /* Info.plist */,
			);
			path = BeerViper;
			sourceTree = "<group>";
		};
		720C2199287745A600C862B4 /* BeerScene */ = {
			isa = PBXGroup;
			children = (
				720C219A287745C400C862B4 /* BeerViewController.swift */,
				720C21AF2879AE6500C862B4 /* BeerCollectionViewCell.swift */,
				720C219C287745D000C862B4 /* BeerAssembly.swift */,
				720C219E287746DF00C862B4 /* BeerProtocols.swift */,
				720C21A0287746EC00C862B4 /* BeerInteractor.swift */,
				720C21A2287746FB00C862B4 /* BeerPresenter.swift */,
				720C21A42877470600C862B4 /* BeerRouter.swift */,
				720C21A62877473700C862B4 /* BeerEntity.swift */,
				720C21A82877479400C862B4 /* BeerAPIManager.swift */,
				720C21AA2878957900C862B4 /* BeerModels.swift */,
			);
			path = BeerScene;
			sourceTree = "<group>";
		};
/* End PBXGroup section */

/* Begin PBXNativeTarget section */
		720C217E287744AE00C862B4 /* BeerViper */ = {
			isa = PBXNativeTarget;
			buildConfigurationList = 720C2193287744B400C862B4 /* Build configuration list for PBXNativeTarget "BeerViper" */;
			buildPhases = (
				720C217B287744AE00C862B4 /* Sources */,
				720C217C287744AE00C862B4 /* Frameworks */,
				720C217D287744AE00C862B4 /* Resources */,
			);
			buildRules = (
			);
			dependencies = (
			);
			name = BeerViper;
			packageProductDependencies = (
				720C21972877453D00C862B4 /* SnapKit */,
				720C21AD287897FE00C862B4 /* Kingfisher */,
			);
			productName = BeerViper;
			productReference = 720C217F287744AE00C862B4 /* BeerViper.app */;
			productType = "com.apple.product-type.application";
		};
/* End PBXNativeTarget section */

/* Begin PBXProject section */
		720C2177287744AE00C862B4 /* Project object */ = {
			isa = PBXProject;
			attributes = {
				BuildIndependentTargetsInParallel = 1;
				LastSwiftUpdateCheck = 1340;
				LastUpgradeCheck = 1340;
				TargetAttributes = {
					720C217E287744AE00C862B4 = {
						CreatedOnToolsVersion = 13.4.1;
					};
				};
			};
			buildConfigurationList = 720C217A287744AE00C862B4 /* Build configuration list for PBXProject "BeerViper" */;
			compatibilityVersion = "Xcode 13.0";
			developmentRegion = en;
			hasScannedForEncodings = 0;
			knownRegions = (
				en,
				Base,
			);
			mainGroup = 720C2176287744AE00C862B4;
			packageReferences = (
				720C21962877453D00C862B4 /* XCRemoteSwiftPackageReference "SnapKit" */,
				720C21AC287897FE00C862B4 /* XCRemoteSwiftPackageReference "Kingfisher" */,
			);
			productRefGroup = 720C2180287744AE00C862B4 /* Products */;
			projectDirPath = "";
			projectRoot = "";
			targets = (
				720C217E287744AE00C862B4 /* BeerViper */,
			);
		};
/* End PBXProject section */

/* Begin PBXResourcesBuildPhase section */
		720C217D287744AE00C862B4 /* Resources */ = {
			isa = PBXResourcesBuildPhase;
			buildActionMask = 2147483647;
			files = (
				720C218F287744B400C862B4 /* LaunchScreen.storyboard in Resources */,
				720C218C287744B400C862B4 /* Assets.xcassets in Resources */,
			);
			runOnlyForDeploymentPostprocessing = 0;
		};
/* End PBXResourcesBuildPhase section */

/* Begin PBXSourcesBuildPhase section */
		720C217B287744AE00C862B4 /* Sources */ = {
			isa = PBXSourcesBuildPhase;
			buildActionMask = 2147483647;
			files = (
				720C21A92877479400C862B4 /* BeerAPIManager.swift in Sources */,
				720C219F287746DF00C862B4 /* BeerProtocols.swift in Sources */,
				720C2183287744AE00C862B4 /* AppDelegate.swift in Sources */,
				720C21A52877470600C862B4 /* BeerRouter.swift in Sources */,
				720C21A1287746EC00C862B4 /* BeerInteractor.swift in Sources */,
				720C2185287744AE00C862B4 /* SceneDelegate.swift in Sources */,
				720C219B287745C400C862B4 /* BeerViewController.swift in Sources */,
				720C21A3287746FB00C862B4 /* BeerPresenter.swift in Sources */,
				720C21B02879AE6500C862B4 /* BeerCollectionViewCell.swift in Sources */,
				720C21A72877473700C862B4 /* BeerEntity.swift in Sources */,
				720C21AB2878957900C862B4 /* BeerModels.swift in Sources */,
				720C219D287745D000C862B4 /* BeerAssembly.swift in Sources */,
			);
			runOnlyForDeploymentPostprocessing = 0;
		};
/* End PBXSourcesBuildPhase section */

/* Begin PBXVariantGroup section */
		720C218D287744B400C862B4 /* LaunchScreen.storyboard */ = {
			isa = PBXVariantGroup;
			children = (
				720C218E287744B400C862B4 /* Base */,
			);
			name = LaunchScreen.storyboard;
			sourceTree = "<group>";
		};
/* End PBXVariantGroup section */

/* Begin XCBuildConfiguration section */
		720C2191287744B400C862B4 /* Debug */ = {
			isa = XCBuildConfiguration;
			buildSettings = {
				ALWAYS_SEARCH_USER_PATHS = NO;
				CLANG_ANALYZER_NONNULL = YES;
				CLANG_ANALYZER_NUMBER_OBJECT_CONVERSION = YES_AGGRESSIVE;
				CLANG_CXX_LANGUAGE_STANDARD = "gnu++17";
				CLANG_ENABLE_MODULES = YES;
				CLANG_ENABLE_OBJC_ARC = YES;
				CLANG_ENABLE_OBJC_WEAK = YES;
				CLANG_WARN_BLOCK_CAPTURE_AUTORELEASING = YES;
				CLANG_WARN_BOOL_CONVERSION = YES;
				CLANG_WARN_COMMA = YES;
				CLANG_WARN_CONSTANT_CONVERSION = YES;
				CLANG_WARN_DEPRECATED_OBJC_IMPLEMENTATIONS = YES;
				CLANG_WARN_DIRECT_OBJC_ISA_USAGE = YES_ERROR;
				CLANG_WARN_DOCUMENTATION_COMMENTS = YES;
				CLANG_WARN_EMPTY_BODY = YES;
				CLANG_WARN_ENUM_CONVERSION = YES;
				CLANG_WARN_INFINITE_RECURSION = YES;
				CLANG_WARN_INT_CONVERSION = YES;
				CLANG_WARN_NON_LITERAL_NULL_CONVERSION = YES;
				CLANG_WARN_OBJC_IMPLICIT_RETAIN_SELF = YES;
				CLANG_WARN_OBJC_LITERAL_CONVERSION = YES;
				CLANG_WARN_OBJC_ROOT_CLASS = YES_ERROR;
				CLANG_WARN_QUOTED_INCLUDE_IN_FRAMEWORK_HEADER = YES;
				CLANG_WARN_RANGE_LOOP_ANALYSIS = YES;
				CLANG_WARN_STRICT_PROTOTYPES = YES;
				CLANG_WARN_SUSPICIOUS_MOVE = YES;
				CLANG_WARN_UNGUARDED_AVAILABILITY = YES_AGGRESSIVE;
				CLANG_WARN_UNREACHABLE_CODE = YES;
				CLANG_WARN__DUPLICATE_METHOD_MATCH = YES;
				COPY_PHASE_STRIP = NO;
				DEBUG_INFORMATION_FORMAT = dwarf;
				ENABLE_STRICT_OBJC_MSGSEND = YES;
				ENABLE_TESTABILITY = YES;
				GCC_C_LANGUAGE_STANDARD = gnu11;
				GCC_DYNAMIC_NO_PIC = NO;
				GCC_NO_COMMON_BLOCKS = YES;
				GCC_OPTIMIZATION_LEVEL = 0;
				GCC_PREPROCESSOR_DEFINITIONS = (
					"DEBUG=1",
					"$(inherited)",
				);
				GCC_WARN_64_TO_32_BIT_CONVERSION = YES;
				GCC_WARN_ABOUT_RETURN_TYPE = YES_ERROR;
				GCC_WARN_UNDECLARED_SELECTOR = YES;
				GCC_WARN_UNINITIALIZED_AUTOS = YES_AGGRESSIVE;
				GCC_WARN_UNUSED_FUNCTION = YES;
				GCC_WARN_UNUSED_VARIABLE = YES;
				IPHONEOS_DEPLOYMENT_TARGET = 15.5;
				MTL_ENABLE_DEBUG_INFO = INCLUDE_SOURCE;
				MTL_FAST_MATH = YES;
				ONLY_ACTIVE_ARCH = YES;
				SDKROOT = iphoneos;
				SWIFT_ACTIVE_COMPILATION_CONDITIONS = DEBUG;
				SWIFT_OPTIMIZATION_LEVEL = "-Onone";
			};
			name = Debug;
		};
		720C2192287744B400C862B4 /* Release */ = {
			isa = XCBuildConfiguration;
			buildSettings = {
				ALWAYS_SEARCH_USER_PATHS = NO;
				CLANG_ANALYZER_NONNULL = YES;
				CLANG_ANALYZER_NUMBER_OBJECT_CONVERSION = YES_AGGRESSIVE;
				CLANG_CXX_LANGUAGE_STANDARD = "gnu++17";
				CLANG_ENABLE_MODULES = YES;
				CLANG_ENABLE_OBJC_ARC = YES;
				CLANG_ENABLE_OBJC_WEAK = YES;
				CLANG_WARN_BLOCK_CAPTURE_AUTORELEASING = YES;
				CLANG_WARN_BOOL_CONVERSION = YES;
				CLANG_WARN_COMMA = YES;
				CLANG_WARN_CONSTANT_CONVERSION = YES;
				CLANG_WARN_DEPRECATED_OBJC_IMPLEMENTATIONS = YES;
				CLANG_WARN_DIRECT_OBJC_ISA_USAGE = YES_ERROR;
				CLANG_WARN_DOCUMENTATION_COMMENTS = YES;
				CLANG_WARN_EMPTY_BODY = YES;
				CLANG_WARN_ENUM_CONVERSION = YES;
				CLANG_WARN_INFINITE_RECURSION = YES;
				CLANG_WARN_INT_CONVERSION = YES;
				CLANG_WARN_NON_LITERAL_NULL_CONVERSION = YES;
				CLANG_WARN_OBJC_IMPLICIT_RETAIN_SELF = YES;
				CLANG_WARN_OBJC_LITERAL_CONVERSION = YES;
				CLANG_WARN_OBJC_ROOT_CLASS = YES_ERROR;
				CLANG_WARN_QUOTED_INCLUDE_IN_FRAMEWORK_HEADER = YES;
				CLANG_WARN_RANGE_LOOP_ANALYSIS = YES;
				CLANG_WARN_STRICT_PROTOTYPES = YES;
				CLANG_WARN_SUSPICIOUS_MOVE = YES;
				CLANG_WARN_UNGUARDED_AVAILABILITY = YES_AGGRESSIVE;
				CLANG_WARN_UNREACHABLE_CODE = YES;
				CLANG_WARN__DUPLICATE_METHOD_MATCH = YES;
				COPY_PHASE_STRIP = NO;
				DEBUG_INFORMATION_FORMAT = "dwarf-with-dsym";
				ENABLE_NS_ASSERTIONS = NO;
				ENABLE_STRICT_OBJC_MSGSEND = YES;
				GCC_C_LANGUAGE_STANDARD = gnu11;
				GCC_NO_COMMON_BLOCKS = YES;
				GCC_WARN_64_TO_32_BIT_CONVERSION = YES;
				GCC_WARN_ABOUT_RETURN_TYPE = YES_ERROR;
				GCC_WARN_UNDECLARED_SELECTOR = YES;
				GCC_WARN_UNINITIALIZED_AUTOS = YES_AGGRESSIVE;
				GCC_WARN_UNUSED_FUNCTION = YES;
				GCC_WARN_UNUSED_VARIABLE = YES;
				IPHONEOS_DEPLOYMENT_TARGET = 15.5;
				MTL_ENABLE_DEBUG_INFO = NO;
				MTL_FAST_MATH = YES;
				SDKROOT = iphoneos;
				SWIFT_COMPILATION_MODE = wholemodule;
				SWIFT_OPTIMIZATION_LEVEL = "-O";
				VALIDATE_PRODUCT = YES;
			};
			name = Release;
		};
		720C2194287744B400C862B4 /* Debug */ = {
			isa = XCBuildConfiguration;
			buildSettings = {
				ASSETCATALOG_COMPILER_APPICON_NAME = AppIcon;
				ASSETCATALOG_COMPILER_GLOBAL_ACCENT_COLOR_NAME = AccentColor;
				CODE_SIGN_STYLE = Automatic;
				CURRENT_PROJECT_VERSION = 1;
				DEVELOPMENT_TEAM = P99KL2FGYB;
				GENERATE_INFOPLIST_FILE = YES;
				INFOPLIST_FILE = BeerViper/Info.plist;
				INFOPLIST_KEY_UIApplicationSupportsIndirectInputEvents = YES;
				INFOPLIST_KEY_UILaunchStoryboardName = LaunchScreen;
				INFOPLIST_KEY_UISupportedInterfaceOrientations_iPad = "UIInterfaceOrientationPortrait UIInterfaceOrientationPortraitUpsideDown UIInterfaceOrientationLandscapeLeft UIInterfaceOrientationLandscapeRight";
				INFOPLIST_KEY_UISupportedInterfaceOrientations_iPhone = "UIInterfaceOrientationPortrait UIInterfaceOrientationLandscapeLeft UIInterfaceOrientationLandscapeRight";
				LD_RUNPATH_SEARCH_PATHS = (
					"$(inherited)",
					"@executable_path/Frameworks",
				);
				MARKETING_VERSION = 1.0;
				PRODUCT_BUNDLE_IDENTIFIER = com.bsc.BeerViper;
				PRODUCT_NAME = "$(TARGET_NAME)";
				SWIFT_EMIT_LOC_STRINGS = YES;
				SWIFT_VERSION = 5.0;
				TARGETED_DEVICE_FAMILY = 1;
			};
			name = Debug;
		};
		720C2195287744B400C862B4 /* Release */ = {
			isa = XCBuildConfiguration;
			buildSettings = {
				ASSETCATALOG_COMPILER_APPICON_NAME = AppIcon;
				ASSETCATALOG_COMPILER_GLOBAL_ACCENT_COLOR_NAME = AccentColor;
				CODE_SIGN_STYLE = Automatic;
				CURRENT_PROJECT_VERSION = 1;
				DEVELOPMENT_TEAM = P99KL2FGYB;
				GENERATE_INFOPLIST_FILE = YES;
				INFOPLIST_FILE = BeerViper/Info.plist;
				INFOPLIST_KEY_UIApplicationSupportsIndirectInputEvents = YES;
				INFOPLIST_KEY_UILaunchStoryboardName = LaunchScreen;
				INFOPLIST_KEY_UISupportedInterfaceOrientations_iPad = "UIInterfaceOrientationPortrait UIInterfaceOrientationPortraitUpsideDown UIInterfaceOrientationLandscapeLeft UIInterfaceOrientationLandscapeRight";
				INFOPLIST_KEY_UISupportedInterfaceOrientations_iPhone = "UIInterfaceOrientationPortrait UIInterfaceOrientationLandscapeLeft UIInterfaceOrientationLandscapeRight";
				LD_RUNPATH_SEARCH_PATHS = (
					"$(inherited)",
					"@executable_path/Frameworks",
				);
				MARKETING_VERSION = 1.0;
				PRODUCT_BUNDLE_IDENTIFIER = com.bsc.BeerViper;
				PRODUCT_NAME = "$(TARGET_NAME)";
				SWIFT_EMIT_LOC_STRINGS = YES;
				SWIFT_VERSION = 5.0;
				TARGETED_DEVICE_FAMILY = 1;
			};
			name = Release;
		};
/* End XCBuildConfiguration section */

/* Begin XCConfigurationList section */
		720C217A287744AE00C862B4 /* Build configuration list for PBXProject "BeerViper" */ = {
			isa = XCConfigurationList;
			buildConfigurations = (
				720C2191287744B400C862B4 /* Debug */,
				720C2192287744B400C862B4 /* Release */,
			);
			defaultConfigurationIsVisible = 0;
			defaultConfigurationName = Release;
		};
		720C2193287744B400C862B4 /* Build configuration list for PBXNativeTarget "BeerViper" */ = {
			isa = XCConfigurationList;
			buildConfigurations = (
				720C2194287744B400C862B4 /* Debug */,
				720C2195287744B400C862B4 /* Release */,
			);
			defaultConfigurationIsVisible = 0;
			defaultConfigurationName = Release;
		};
/* End XCConfigurationList section */

/* Begin XCRemoteSwiftPackageReference section */
		720C21962877453D00C862B4 /* XCRemoteSwiftPackageReference "SnapKit" */ = {
			isa = XCRemoteSwiftPackageReference;
			repositoryURL = "https://github.com/SnapKit/SnapKit#installation";
			requirement = {
				branch = develop;
				kind = branch;
			};
		};
		720C21AC287897FE00C862B4 /* XCRemoteSwiftPackageReference "Kingfisher" */ = {
			isa = XCRemoteSwiftPackageReference;
			repositoryURL = "https://github.com/onevcat/Kingfisher.git";
			requirement = {
				branch = master;
				kind = branch;
			};
		};
/* End XCRemoteSwiftPackageReference section */

/* Begin XCSwiftPackageProductDependency section */
		720C21972877453D00C862B4 /* SnapKit */ = {
			isa = XCSwiftPackageProductDependency;
			package = 720C21962877453D00C862B4 /* XCRemoteSwiftPackageReference "SnapKit" */;
			productName = SnapKit;
		};
		720C21AD287897FE00C862B4 /* Kingfisher */ = {
			isa = XCSwiftPackageProductDependency;
			package = 720C21AC287897FE00C862B4 /* XCRemoteSwiftPackageReference "Kingfisher" */;
			productName = Kingfisher;
		};
/* End XCSwiftPackageProductDependency section */
	};
	rootObject = 720C2177287744AE00C862B4 /* Project object */;
}
